
Microsoft Visual Studio Solution File, Format Version 12.00
# Visual Studio Version 17
VisualStudioVersion = 17.11.35222.181
MinimumVisualStudioVersion = 10.0.40219.1
Project("{8BC9CEB8-8B4A-11D0-8D11-00A0C91BC942}") = "guess you like", "guess you like.vcxproj", "{12A7E203-306C-4464-B2C9-9B93C5FB2804}"
EndProject
Global
	GlobalSection(SolutionConfigurationPlatforms) = preSolution
		Debug|x64 = Debug|x64
		Debug|x86 = Debug|x86
		Release|x64 = Release|x64
		Release|x86 = Release|x86
	EndGlobalSection
	GlobalSection(ProjectConfigurationPlatforms) = postSolution
		{12A7E203-306C-4464-B2C9-9B93C5FB2804}.Debug|x64.ActiveCfg = Debug|x64
		{12A7E203-306C-4464-B2C9-9B93C5FB2804}.Debug|x64.Build.0 = Debug|x64
		{12A7E203-306C-4464-B2C9-9B93C5FB2804}.Debug|x86.ActiveCfg = Debug|Win32
		{12A7E203-306C-4464-B2C9-9B93C5FB2804}.Debug|x86.Build.0 = Debug|Win32
		{12A7E203-306C-4464-B2C9-9B93C5FB2804}.Release|x64.ActiveCfg = Release|x64
		{12A7E203-306C-4464-B2C9-9B93C5FB2804}.Release|x64.Build.0 = Release|x64
		{12A7E203-306C-4464-B2C9-9B93C5FB2804}.Release|x86.ActiveCfg = Release|Win32
		{12A7E203-306C-4464-B2C9-9B93C5FB2804}.Release|x86.Build.0 = Release|Win32
	EndGlobalSection
	GlobalSection(SolutionProperties) = preSolution
		HideSolutionNode = FALSE
	EndGlobalSection
	GlobalSection(ExtensibilityGlobals) = postSolution
		SolutionGuid = {CF115124-03BD-4BDB-82C7-2ACCD2962DB4}
	EndGlobalSection
EndGlobal
